
Microsoft Visual Studio Solution File, Format Version 12.00
# Visual Studio Version 16
VisualStudioVersion = 16.0.30804.86
MinimumVisualStudioVersion = 10.0.40219.1
Project("{FAE04EC0-301F-11D3-BF4B-00C04F79EFBC}") = "BowlingGameKata", "BowlingGameKata\BowlingGameKata.csproj", "{29401F8D-F3E6-4203-9EBF-4B09E1264AE4}"
EndProject
Project("{FAE04EC0-301F-11D3-BF4B-00C04F79EFBC}") = "BowlingGameKata.Test", "BowlingGameKata.Test\BowlingGameKata.Test.csproj", "{251304D0-B9F8-43D7-B451-2034F168FFD9}"
EndProject
Global
	GlobalSection(SolutionConfigurationPlatforms) = preSolution
		Debug|Any CPU = Debug|Any CPU
		Release|Any CPU = Release|Any CPU
	EndGlobalSection
	GlobalSection(ProjectConfigurationPlatforms) = postSolution
		{29401F8D-F3E6-4203-9EBF-4B09E1264AE4}.Debug|Any CPU.ActiveCfg = Debug|Any CPU
		{29401F8D-F3E6-4203-9EBF-4B09E1264AE4}.Debug|Any CPU.Build.0 = Debug|Any CPU
		{29401F8D-F3E6-4203-9EBF-4B09E1264AE4}.Release|Any CPU.ActiveCfg = Release|Any CPU
		{29401F8D-F3E6-4203-9EBF-4B09E1264AE4}.Release|Any CPU.Build.0 = Release|Any CPU
		{251304D0-B9F8-43D7-B451-2034F168FFD9}.Debug|Any CPU.ActiveCfg = Debug|Any CPU
		{251304D0-B9F8-43D7-B451-2034F168FFD9}.Debug|Any CPU.Build.0 = Debug|Any CPU
		{251304D0-B9F8-43D7-B451-2034F168FFD9}.Release|Any CPU.ActiveCfg = Release|Any CPU
		{251304D0-B9F8-43D7-B451-2034F168FFD9}.Release|Any CPU.Build.0 = Release|Any CPU
	EndGlobalSection
	GlobalSection(SolutionProperties) = preSolution
		HideSolutionNode = FALSE
	EndGlobalSection
	GlobalSection(ExtensibilityGlobals) = postSolution
		SolutionGuid = {D7758FFB-C667-4478-852C-22CDC27C122A}
	EndGlobalSection
EndGlobal
